// !$*UTF8*$!
{
	archiveVersion = 1;
	classes = {
	};
	objectVersion = 48;
	objects = {

/* Begin PBXBuildFile section */
		3F7C614E214A9F4D00EE11C0 /* CSVReader.cpp in Sources */ = {isa = PBXBuildFile; fileRef = 3F7C6148214A9F4D00EE11C0 /* CSVReader.cpp */; };
		3F7C6150214A9F4D00EE11C0 /* main.cpp in Sources */ = {isa = PBXBuildFile; fileRef = 3F7C614C214A9F4D00EE11C0 /* main.cpp */; };
		3F7C6156214AA2F200EE11C0 /* libgurobi80.so in Frameworks */ = {isa = PBXBuildFile; fileRef = 3F7C6154214AA2F200EE11C0 /* libgurobi80.so */; };
		3F7C6157214AA2F200EE11C0 /* libgurobi_g++4.2.a in Frameworks */ = {isa = PBXBuildFile; fileRef = 3F7C6155214AA2F200EE11C0 /* libgurobi_g++4.2.a */; };
		3F7C615C214B802B00EE11C0 /* MIPSolver.cpp in Sources */ = {isa = PBXBuildFile; fileRef = 3F7C615A214B802A00EE11C0 /* MIPSolver.cpp */; };
		3FB5CE37214BC1FE0032F1E3 /* EQData.cpp in Sources */ = {isa = PBXBuildFile; fileRef = 3FB5CE36214BC1FE0032F1E3 /* EQData.cpp */; };
/* End PBXBuildFile section */

/* Begin PBXCopyFilesBuildPhase section */
		3F7C613C214A9F1C00EE11C0 /* CopyFiles */ = {
			isa = PBXCopyFilesBuildPhase;
			buildActionMask = 2147483647;
			dstPath = /usr/share/man/man1/;
			dstSubfolderSpec = 0;
			files = (
			);
			runOnlyForDeploymentPostprocessing = 1;
		};
/* End PBXCopyFilesBuildPhase section */

/* Begin PBXFileReference section */
		3F7C613E214A9F1C00EE11C0 /* Equipment Balancing */ = {isa = PBXFileReference; explicitFileType = "compiled.mach-o.executable"; includeInIndex = 0; path = "Equipment Balancing"; sourceTree = BUILT_PRODUCTS_DIR; };
		3F7C6148214A9F4D00EE11C0 /* CSVReader.cpp */ = {isa = PBXFileReference; fileEncoding = 4; lastKnownFileType = sourcecode.cpp.cpp; name = CSVReader.cpp; path = ../../EquipmentBalancing/CSVReader.cpp; sourceTree = "<group>"; };
		3F7C6149214A9F4D00EE11C0 /* DataStructures.h */ = {isa = PBXFileReference; fileEncoding = 4; lastKnownFileType = sourcecode.c.h; name = DataStructures.h; path = ../../EquipmentBalancing/DataStructures.h; sourceTree = "<group>"; };
		3F7C614C214A9F4D00EE11C0 /* main.cpp */ = {isa = PBXFileReference; fileEncoding = 4; lastKnownFileType = sourcecode.cpp.cpp; name = main.cpp; path = ../../EquipmentBalancing/main.cpp; sourceTree = "<group>"; };
		3F7C614D214A9F4D00EE11C0 /* CSVReader.h */ = {isa = PBXFileReference; fileEncoding = 4; lastKnownFileType = sourcecode.c.h; name = CSVReader.h; path = ../../EquipmentBalancing/CSVReader.h; sourceTree = "<group>"; };
		3F7C6152214AA05100EE11C0 /* libgurobi75.so */ = {isa = PBXFileReference; lastKnownFileType = "compiled.mach-o.dylib"; name = libgurobi75.so; path = "../../../../../../anaconda3/pkgs/gurobi-7.5.2-py36_0/lib/libgurobi75.so"; sourceTree = "<group>"; };
		3F7C6154214AA2F200EE11C0 /* libgurobi80.so */ = {isa = PBXFileReference; lastKnownFileType = "compiled.mach-o.dylib"; name = libgurobi80.so; path = ../../../../../../Library/gurobi801/mac64/lib/libgurobi80.so; sourceTree = "<group>"; };
		3F7C6155214AA2F200EE11C0 /* libgurobi_g++4.2.a */ = {isa = PBXFileReference; lastKnownFileType = archive.ar; name = "libgurobi_g++4.2.a"; path = "../../../../../../Library/gurobi801/mac64/lib/libgurobi_g++4.2.a"; sourceTree = "<group>"; };
		3F7C6158214B551100EE11C0 /* EQData.h */ = {isa = PBXFileReference; lastKnownFileType = sourcecode.c.h; path = EQData.h; sourceTree = "<group>"; };
		3F7C615A214B802A00EE11C0 /* MIPSolver.cpp */ = {isa = PBXFileReference; lastKnownFileType = sourcecode.cpp.cpp; path = MIPSolver.cpp; sourceTree = "<group>"; };
		3F7C615B214B802B00EE11C0 /* MIPSolver.h */ = {isa = PBXFileReference; lastKnownFileType = sourcecode.c.h; path = MIPSolver.h; sourceTree = "<group>"; };
		3FB5CE36214BC1FE0032F1E3 /* EQData.cpp */ = {isa = PBXFileReference; lastKnownFileType = sourcecode.cpp.cpp; path = EQData.cpp; sourceTree = "<group>"; };
/* End PBXFileReference section */

/* Begin PBXFrameworksBuildPhase section */
		3F7C613B214A9F1C00EE11C0 /* Frameworks */ = {
			isa = PBXFrameworksBuildPhase;
			buildActionMask = 2147483647;
			files = (
				3F7C6156214AA2F200EE11C0 /* libgurobi80.so in Frameworks */,
				3F7C6157214AA2F200EE11C0 /* libgurobi_g++4.2.a in Frameworks */,
			);
			runOnlyForDeploymentPostprocessing = 0;
		};
/* End PBXFrameworksBuildPhase section */

/* Begin PBXGroup section */
		3F7C6135214A9F1C00EE11C0 = {
			isa = PBXGroup;
			children = (
				3F7C6140214A9F1C00EE11C0 /* Equipment Balancing */,
				3F7C613F214A9F1C00EE11C0 /* Products */,
				3F7C6151214AA05100EE11C0 /* Frameworks */,
			);
			sourceTree = "<group>";
		};
		3F7C613F214A9F1C00EE11C0 /* Products */ = {
			isa = PBXGroup;
			children = (
				3F7C613E214A9F1C00EE11C0 /* Equipment Balancing */,
			);
			name = Products;
			sourceTree = "<group>";
		};
		3F7C6140214A9F1C00EE11C0 /* Equipment Balancing */ = {
			isa = PBXGroup;
			children = (
				3FB5CE36214BC1FE0032F1E3 /* EQData.cpp */,
				3F7C6148214A9F4D00EE11C0 /* CSVReader.cpp */,
				3F7C614D214A9F4D00EE11C0 /* CSVReader.h */,
				3F7C6149214A9F4D00EE11C0 /* DataStructures.h */,
				3F7C614C214A9F4D00EE11C0 /* main.cpp */,
				3F7C6158214B551100EE11C0 /* EQData.h */,
				3F7C615A214B802A00EE11C0 /* MIPSolver.cpp */,
				3F7C615B214B802B00EE11C0 /* MIPSolver.h */,
			);
			path = "Equipment Balancing";
			sourceTree = "<group>";
		};
		3F7C6151214AA05100EE11C0 /* Frameworks */ = {
			isa = PBXGroup;
			children = (
				3F7C6155214AA2F200EE11C0 /* libgurobi_g++4.2.a */,
				3F7C6154214AA2F200EE11C0 /* libgurobi80.so */,
				3F7C6152214AA05100EE11C0 /* libgurobi75.so */,
			);
			name = Frameworks;
			sourceTree = "<group>";
		};
/* End PBXGroup section */

/* Begin PBXNativeTarget section */
		3F7C613D214A9F1C00EE11C0 /* Equipment Balancing */ = {
			isa = PBXNativeTarget;
			buildConfigurationList = 3F7C6145214A9F1C00EE11C0 /* Build configuration list for PBXNativeTarget "Equipment Balancing" */;
			buildPhases = (
				3F7C613A214A9F1C00EE11C0 /* Sources */,
				3F7C613B214A9F1C00EE11C0 /* Frameworks */,
				3F7C613C214A9F1C00EE11C0 /* CopyFiles */,
			);
			buildRules = (
			);
			dependencies = (
			);
			name = "Equipment Balancing";
			productName = "Equipment Balancing";
			productReference = 3F7C613E214A9F1C00EE11C0 /* Equipment Balancing */;
			productType = "com.apple.product-type.tool";
		};
/* End PBXNativeTarget section */

/* Begin PBXProject section */
		3F7C6136214A9F1C00EE11C0 /* Project object */ = {
			isa = PBXProject;
			attributes = {
				LastUpgradeCheck = 0920;
				ORGANIZATIONNAME = "Yassine Ridouane";
				TargetAttributes = {
					3F7C613D214A9F1C00EE11C0 = {
						CreatedOnToolsVersion = 9.2;
						ProvisioningStyle = Automatic;
					};
				};
			};
			buildConfigurationList = 3F7C6139214A9F1C00EE11C0 /* Build configuration list for PBXProject "Equipment Balancing" */;
			compatibilityVersion = "Xcode 8.0";
			developmentRegion = en;
			hasScannedForEncodings = 0;
			knownRegions = (
				en,
			);
			mainGroup = 3F7C6135214A9F1C00EE11C0;
			productRefGroup = 3F7C613F214A9F1C00EE11C0 /* Products */;
			projectDirPath = "";
			projectRoot = "";
			targets = (
				3F7C613D214A9F1C00EE11C0 /* Equipment Balancing */,
			);
		};
/* End PBXProject section */

/* Begin PBXSourcesBuildPhase section */
		3F7C613A214A9F1C00EE11C0 /* Sources */ = {
			isa = PBXSourcesBuildPhase;
			buildActionMask = 2147483647;
			files = (
				3F7C615C214B802B00EE11C0 /* MIPSolver.cpp in Sources */,
				3F7C6150214A9F4D00EE11C0 /* main.cpp in Sources */,
				3F7C614E214A9F4D00EE11C0 /* CSVReader.cpp in Sources */,
				3FB5CE37214BC1FE0032F1E3 /* EQData.cpp in Sources */,
			);
			runOnlyForDeploymentPostprocessing = 0;
		};
/* End PBXSourcesBuildPhase section */

/* Begin XCBuildConfiguration section */
		3F7C6143214A9F1C00EE11C0 /* Debug */ = {
			isa = XCBuildConfiguration;
			buildSettings = {
				ALWAYS_SEARCH_USER_PATHS = NO;
				CLANG_ANALYZER_NONNULL = YES;
				CLANG_ANALYZER_NUMBER_OBJECT_CONVERSION = YES_AGGRESSIVE;
				CLANG_CXX_LANGUAGE_STANDARD = "gnu++14";
				CLANG_CXX_LIBRARY = "libc++";
				CLANG_ENABLE_MODULES = YES;
				CLANG_ENABLE_OBJC_ARC = YES;
				CLANG_WARN_BLOCK_CAPTURE_AUTORELEASING = YES;
				CLANG_WARN_BOOL_CONVERSION = YES;
				CLANG_WARN_COMMA = YES;
				CLANG_WARN_CONSTANT_CONVERSION = YES;
				CLANG_WARN_DIRECT_OBJC_ISA_USAGE = YES_ERROR;
				CLANG_WARN_DOCUMENTATION_COMMENTS = YES;
				CLANG_WARN_EMPTY_BODY = YES;
				CLANG_WARN_ENUM_CONVERSION = YES;
				CLANG_WARN_INFINITE_RECURSION = YES;
				CLANG_WARN_INT_CONVERSION = YES;
				CLANG_WARN_NON_LITERAL_NULL_CONVERSION = YES;
				CLANG_WARN_OBJC_LITERAL_CONVERSION = YES;
				CLANG_WARN_OBJC_ROOT_CLASS = YES_ERROR;
				CLANG_WARN_RANGE_LOOP_ANALYSIS = YES;
				CLANG_WARN_STRICT_PROTOTYPES = YES;
				CLANG_WARN_SUSPICIOUS_MOVE = YES;
				CLANG_WARN_UNGUARDED_AVAILABILITY = YES_AGGRESSIVE;
				CLANG_WARN_UNREACHABLE_CODE = YES;
				CLANG_WARN__DUPLICATE_METHOD_MATCH = YES;
				CODE_SIGN_IDENTITY = "-";
				COPY_PHASE_STRIP = NO;
				DEBUG_INFORMATION_FORMAT = dwarf;
				ENABLE_STRICT_OBJC_MSGSEND = YES;
				ENABLE_TESTABILITY = YES;
				GCC_C_LANGUAGE_STANDARD = gnu11;
				GCC_DYNAMIC_NO_PIC = NO;
				GCC_NO_COMMON_BLOCKS = YES;
				GCC_OPTIMIZATION_LEVEL = 0;
				GCC_PREPROCESSOR_DEFINITIONS = (
					"DEBUG=1",
					"$(inherited)",
				);
				GCC_WARN_64_TO_32_BIT_CONVERSION = YES;
				GCC_WARN_ABOUT_RETURN_TYPE = YES_ERROR;
				GCC_WARN_UNDECLARED_SELECTOR = YES;
				GCC_WARN_UNINITIALIZED_AUTOS = YES_AGGRESSIVE;
				GCC_WARN_UNUSED_FUNCTION = YES;
				GCC_WARN_UNUSED_VARIABLE = YES;
				MACOSX_DEPLOYMENT_TARGET = 10.13;
				MTL_ENABLE_DEBUG_INFO = YES;
				ONLY_ACTIVE_ARCH = YES;
				SDKROOT = macosx;
			};
			name = Debug;
		};
		3F7C6144214A9F1C00EE11C0 /* Release */ = {
			isa = XCBuildConfiguration;
			buildSettings = {
				ALWAYS_SEARCH_USER_PATHS = NO;
				CLANG_ANALYZER_NONNULL = YES;
				CLANG_ANALYZER_NUMBER_OBJECT_CONVERSION = YES_AGGRESSIVE;
				CLANG_CXX_LANGUAGE_STANDARD = "gnu++14";
				CLANG_CXX_LIBRARY = "libc++";
				CLANG_ENABLE_MODULES = YES;
				CLANG_ENABLE_OBJC_ARC = YES;
				CLANG_WARN_BLOCK_CAPTURE_AUTORELEASING = YES;
				CLANG_WARN_BOOL_CONVERSION = YES;
				CLANG_WARN_COMMA = YES;
				CLANG_WARN_CONSTANT_CONVERSION = YES;
				CLANG_WARN_DIRECT_OBJC_ISA_USAGE = YES_ERROR;
				CLANG_WARN_DOCUMENTATION_COMMENTS = YES;
				CLANG_WARN_EMPTY_BODY = YES;
				CLANG_WARN_ENUM_CONVERSION = YES;
				CLANG_WARN_INFINITE_RECURSION = YES;
				CLANG_WARN_INT_CONVERSION = YES;
				CLANG_WARN_NON_LITERAL_NULL_CONVERSION = YES;
				CLANG_WARN_OBJC_LITERAL_CONVERSION = YES;
				CLANG_WARN_OBJC_ROOT_CLASS = YES_ERROR;
				CLANG_WARN_RANGE_LOOP_ANALYSIS = YES;
				CLANG_WARN_STRICT_PROTOTYPES = YES;
				CLANG_WARN_SUSPICIOUS_MOVE = YES;
				CLANG_WARN_UNGUARDED_AVAILABILITY = YES_AGGRESSIVE;
				CLANG_WARN_UNREACHABLE_CODE = YES;
				CLANG_WARN__DUPLICATE_METHOD_MATCH = YES;
				CODE_SIGN_IDENTITY = "-";
				COPY_PHASE_STRIP = NO;
				DEBUG_INFORMATION_FORMAT = "dwarf-with-dsym";
				ENABLE_NS_ASSERTIONS = NO;
				ENABLE_STRICT_OBJC_MSGSEND = YES;
				GCC_C_LANGUAGE_STANDARD = gnu11;
				GCC_NO_COMMON_BLOCKS = YES;
				GCC_WARN_64_TO_32_BIT_CONVERSION = YES;
				GCC_WARN_ABOUT_RETURN_TYPE = YES_ERROR;
				GCC_WARN_UNDECLARED_SELECTOR = YES;
				GCC_WARN_UNINITIALIZED_AUTOS = YES_AGGRESSIVE;
				GCC_WARN_UNUSED_FUNCTION = YES;
				GCC_WARN_UNUSED_VARIABLE = YES;
				MACOSX_DEPLOYMENT_TARGET = 10.13;
				MTL_ENABLE_DEBUG_INFO = NO;
				SDKROOT = macosx;
			};
			name = Release;
		};
		3F7C6146214A9F1C00EE11C0 /* Debug */ = {
			isa = XCBuildConfiguration;
			buildSettings = {
				CLANG_CXX_LIBRARY = "libc++";
				CODE_SIGN_STYLE = Automatic;
				HEADER_SEARCH_PATHS = (
					"$(LOCAL_LIBRARY_DIR)/gurobi801/mac64/include",
					/Users/yridouane/Downloads/boost_1_57_0,
				);
				LIBRARY_SEARCH_PATHS = (
					"$(inherited)",
					"$(LOCAL_LIBRARY_DIR)/gurobi801/mac64/lib",
				);
				PRODUCT_NAME = "$(TARGET_NAME)";
				STRINGS_FILE_OUTPUT_ENCODING = "UTF-16";
			};
			name = Debug;
		};
		3F7C6147214A9F1C00EE11C0 /* Release */ = {
			isa = XCBuildConfiguration;
			buildSettings = {
				CLANG_CXX_LIBRARY = "libc++";
				CODE_SIGN_STYLE = Automatic;
				HEADER_SEARCH_PATHS = (
					"$(LOCAL_LIBRARY_DIR)/gurobi801/mac64/include",
					/Users/yridouane/Downloads/boost_1_57_0,
				);
				LIBRARY_SEARCH_PATHS = (
					"$(inherited)",
					"$(LOCAL_LIBRARY_DIR)/gurobi801/mac64/lib",
				);
				PRODUCT_NAME = "$(TARGET_NAME)";
				STRINGS_FILE_OUTPUT_ENCODING = "UTF-16";
			};
			name = Release;
		};
/* End XCBuildConfiguration section */

/* Begin XCConfigurationList section */
		3F7C6139214A9F1C00EE11C0 /* Build configuration list for PBXProject "Equipment Balancing" */ = {
			isa = XCConfigurationList;
			buildConfigurations = (
				3F7C6143214A9F1C00EE11C0 /* Debug */,
				3F7C6144214A9F1C00EE11C0 /* Release */,
			);
			defaultConfigurationIsVisible = 0;
			defaultConfigurationName = Release;
		};
		3F7C6145214A9F1C00EE11C0 /* Build configuration list for PBXNativeTarget "Equipment Balancing" */ = {
			isa = XCConfigurationList;
			buildConfigurations = (
				3F7C6146214A9F1C00EE11C0 /* Debug */,
				3F7C6147214A9F1C00EE11C0 /* Release */,
			);
			defaultConfigurationIsVisible = 0;
			defaultConfigurationName = Release;
		};
/* End XCConfigurationList section */
	};
	rootObject = 3F7C6136214A9F1C00EE11C0 /* Project object */;
}
